
Microsoft Visual Studio Solution File, Format Version 12.00
# Visual Studio Version 16
VisualStudioVersion = 16.0.31005.135
MinimumVisualStudioVersion = 10.0.40219.1
Project("{FAE04EC0-301F-11D3-BF4B-00C04F79EFBC}") = "AncVueNetCore1", "AncVueNetCore1\AncVueNetCore1.csproj", "{DCBCB3BD-61B5-43ED-A54F-C067D7D2B425}"
EndProject
Global
	GlobalSection(SolutionConfigurationPlatforms) = preSolution
		Debug|Any CPU = Debug|Any CPU
		Release|Any CPU = Release|Any CPU
	EndGlobalSection
	GlobalSection(ProjectConfigurationPlatforms) = postSolution
		{DCBCB3BD-61B5-43ED-A54F-C067D7D2B425}.Debug|Any CPU.ActiveCfg = Debug|Any CPU
		{DCBCB3BD-61B5-43ED-A54F-C067D7D2B425}.Debug|Any CPU.Build.0 = Debug|Any CPU
		{DCBCB3BD-61B5-43ED-A54F-C067D7D2B425}.Release|Any CPU.ActiveCfg = Release|Any CPU
		{DCBCB3BD-61B5-43ED-A54F-C067D7D2B425}.Release|Any CPU.Build.0 = Release|Any CPU
	EndGlobalSection
	GlobalSection(SolutionProperties) = preSolution
		HideSolutionNode = FALSE
	EndGlobalSection
	GlobalSection(ExtensibilityGlobals) = postSolution
		SolutionGuid = {82A43607-D4ED-49E7-8206-55A1B505C106}
	EndGlobalSection
EndGlobal
